
Microsoft Visual Studio Solution File, Format Version 12.00
# Visual Studio Version 16
VisualStudioVersion = 16.0.31321.278
MinimumVisualStudioVersion = 10.0.40219.1
Project("{9A19103F-16F7-4668-BE54-9A1E7A4F7556}") = "OneChat.DAL", "Chat.DAL\OneChat.DAL.csproj", "{D11A4639-5D55-4165-9A05-1010D9D4B387}"
EndProject
Project("{9A19103F-16F7-4668-BE54-9A1E7A4F7556}") = "OneChat.WEB", "Chat.WEB\OneChat.WEB.csproj", "{98C47991-4B61-4C21-B152-05AD7F41B12F}"
EndProject
Project("{9A19103F-16F7-4668-BE54-9A1E7A4F7556}") = "OneChat.BLL", "Chat.BLL\OneChat.BLL.csproj", "{61229795-ABA4-4FB0-8797-928F10F0C106}"
EndProject
Global
	GlobalSection(SolutionConfigurationPlatforms) = preSolution
		Debug|Any CPU = Debug|Any CPU
		Release|Any CPU = Release|Any CPU
	EndGlobalSection
	GlobalSection(ProjectConfigurationPlatforms) = postSolution
		{D11A4639-5D55-4165-9A05-1010D9D4B387}.Debug|Any CPU.ActiveCfg = Debug|Any CPU
		{D11A4639-5D55-4165-9A05-1010D9D4B387}.Debug|Any CPU.Build.0 = Debug|Any CPU
		{D11A4639-5D55-4165-9A05-1010D9D4B387}.Release|Any CPU.ActiveCfg = Release|Any CPU
		{D11A4639-5D55-4165-9A05-1010D9D4B387}.Release|Any CPU.Build.0 = Release|Any CPU
		{98C47991-4B61-4C21-B152-05AD7F41B12F}.Debug|Any CPU.ActiveCfg = Debug|Any CPU
		{98C47991-4B61-4C21-B152-05AD7F41B12F}.Debug|Any CPU.Build.0 = Debug|Any CPU
		{98C47991-4B61-4C21-B152-05AD7F41B12F}.Release|Any CPU.ActiveCfg = Release|Any CPU
		{98C47991-4B61-4C21-B152-05AD7F41B12F}.Release|Any CPU.Build.0 = Release|Any CPU
		{61229795-ABA4-4FB0-8797-928F10F0C106}.Debug|Any CPU.ActiveCfg = Debug|Any CPU
		{61229795-ABA4-4FB0-8797-928F10F0C106}.Debug|Any CPU.Build.0 = Debug|Any CPU
		{61229795-ABA4-4FB0-8797-928F10F0C106}.Release|Any CPU.ActiveCfg = Release|Any CPU
		{61229795-ABA4-4FB0-8797-928F10F0C106}.Release|Any CPU.Build.0 = Release|Any CPU
	EndGlobalSection
	GlobalSection(SolutionProperties) = preSolution
		HideSolutionNode = FALSE
	EndGlobalSection
	GlobalSection(ExtensibilityGlobals) = postSolution
		SolutionGuid = {ECA76CD3-0A5F-44DC-AC81-422675F130F6}
	EndGlobalSection
EndGlobal
